
Microsoft Visual Studio Solution File, Format Version 12.00
# Visual Studio Version 17
VisualStudioVersion = 17.3.32825.248
MinimumVisualStudioVersion = 10.0.40219.1
Project("{FAE04EC0-301F-11D3-BF4B-00C04F79EFBC}") = "OnlineGamerStore", "OnlineGamerStore\OnlineGamerStore.csproj", "{95E10E61-4349-411A-9562-2AD08792E7CE}"
EndProject
Project("{FAE04EC0-301F-11D3-BF4B-00C04F79EFBC}") = "OnlineGamerStoreAdmin", "OnlineGamerStoreAdmin\OnlineGamerStoreAdmin.csproj", "{15BD8FCE-D23A-4B68-AD45-95E5820ADA3C}"
EndProject
Global
	GlobalSection(SolutionConfigurationPlatforms) = preSolution
		Debug|Any CPU = Debug|Any CPU
		Release|Any CPU = Release|Any CPU
	EndGlobalSection
	GlobalSection(ProjectConfigurationPlatforms) = postSolution
		{95E10E61-4349-411A-9562-2AD08792E7CE}.Debug|Any CPU.ActiveCfg = Debug|Any CPU
		{95E10E61-4349-411A-9562-2AD08792E7CE}.Debug|Any CPU.Build.0 = Debug|Any CPU
		{95E10E61-4349-411A-9562-2AD08792E7CE}.Release|Any CPU.ActiveCfg = Release|Any CPU
		{95E10E61-4349-411A-9562-2AD08792E7CE}.Release|Any CPU.Build.0 = Release|Any CPU
		{15BD8FCE-D23A-4B68-AD45-95E5820ADA3C}.Debug|Any CPU.ActiveCfg = Debug|Any CPU
		{15BD8FCE-D23A-4B68-AD45-95E5820ADA3C}.Debug|Any CPU.Build.0 = Debug|Any CPU
		{15BD8FCE-D23A-4B68-AD45-95E5820ADA3C}.Release|Any CPU.ActiveCfg = Release|Any CPU
		{15BD8FCE-D23A-4B68-AD45-95E5820ADA3C}.Release|Any CPU.Build.0 = Release|Any CPU
	EndGlobalSection
	GlobalSection(SolutionProperties) = preSolution
		HideSolutionNode = FALSE
	EndGlobalSection
	GlobalSection(ExtensibilityGlobals) = postSolution
		SolutionGuid = {38851961-12B2-4CB2-8674-0851E2D25DB7}
	EndGlobalSection
EndGlobal
